// !$*UTF8*$!
{
	archiveVersion = 1;
	classes = {
	};
	objectVersion = 46;
	objects = {

/* Begin PBXBuildFile section */
		741263F81A1F16800032E2EF /* main.m in Sources */ = {isa = PBXBuildFile; fileRef = 741263F71A1F16800032E2EF /* main.m */; };
		741263FB1A1F16800032E2EF /* AppDelegate.m in Sources */ = {isa = PBXBuildFile; fileRef = 741263FA1A1F16800032E2EF /* AppDelegate.m */; };
		741263FE1A1F16800032E2EF /* ViewController.m in Sources */ = {isa = PBXBuildFile; fileRef = 741263FD1A1F16800032E2EF /* ViewController.m */; };
		741264011A1F16800032E2EF /* Main.storyboard in Resources */ = {isa = PBXBuildFile; fileRef = 741263FF1A1F16800032E2EF /* Main.storyboard */; };
		741264031A1F16800032E2EF /* Images.xcassets in Resources */ = {isa = PBXBuildFile; fileRef = 741264021A1F16800032E2EF /* Images.xcassets */; };
		741264061A1F16800032E2EF /* LaunchScreen.xib in Resources */ = {isa = PBXBuildFile; fileRef = 741264041A1F16800032E2EF /* LaunchScreen.xib */; };
		741264121A1F16810032E2EF /* DemoAboutAutoresizeMaskTests.m in Sources */ = {isa = PBXBuildFile; fileRef = 741264111A1F16810032E2EF /* DemoAboutAutoresizeMaskTests.m */; };
/* End PBXBuildFile section */

/* Begin PBXContainerItemProxy section */
		7412640C1A1F16810032E2EF /* PBXContainerItemProxy */ = {
			isa = PBXContainerItemProxy;
			containerPortal = 741263EA1A1F16800032E2EF /* Project object */;
			proxyType = 1;
			remoteGlobalIDString = 741263F11A1F16800032E2EF;
			remoteInfo = DemoAboutAutoresizeMask;
		};
/* End PBXContainerItemProxy section */

/* Begin PBXFileReference section */
		741263F21A1F16800032E2EF /* DemoAboutAutoresizeMask.app */ = {isa = PBXFileReference; explicitFileType = wrapper.application; includeInIndex = 0; path = DemoAboutAutoresizeMask.app; sourceTree = BUILT_PRODUCTS_DIR; };
		741263F61A1F16800032E2EF /* Info.plist */ = {isa = PBXFileReference; lastKnownFileType = text.plist.xml; path = Info.plist; sourceTree = "<group>"; };
		741263F71A1F16800032E2EF /* main.m */ = {isa = PBXFileReference; lastKnownFileType = sourcecode.c.objc; path = main.m; sourceTree = "<group>"; };
		741263F91A1F16800032E2EF /* AppDelegate.h */ = {isa = PBXFileReference; lastKnownFileType = sourcecode.c.h; path = AppDelegate.h; sourceTree = "<group>"; };
		741263FA1A1F16800032E2EF /* AppDelegate.m */ = {isa = PBXFileReference; lastKnownFileType = sourcecode.c.objc; path = AppDelegate.m; sourceTree = "<group>"; };
		741263FC1A1F16800032E2EF /* ViewController.h */ = {isa = PBXFileReference; lastKnownFileType = sourcecode.c.h; path = ViewController.h; sourceTree = "<group>"; };
		741263FD1A1F16800032E2EF /* ViewController.m */ = {isa = PBXFileReference; lastKnownFileType = sourcecode.c.objc; path = ViewController.m; sourceTree = "<group>"; };
		741264001A1F16800032E2EF /* Base */ = {isa = PBXFileReference; lastKnownFileType = file.storyboard; name = Base; path = Base.lproj/Main.storyboard; sourceTree = "<group>"; };
		741264021A1F16800032E2EF /* Images.xcassets */ = {isa = PBXFileReference; lastKnownFileType = folder.assetcatalog; path = Images.xcassets; sourceTree = "<group>"; };
		741264051A1F16800032E2EF /* Base */ = {isa = PBXFileReference; lastKnownFileType = file.xib; name = Base; path = Base.lproj/LaunchScreen.xib; sourceTree = "<group>"; };
		7412640B1A1F16810032E2EF /* DemoAboutAutoresizeMaskTests.xctest */ = {isa = PBXFileReference; explicitFileType = wrapper.cfbundle; includeInIndex = 0; path = DemoAboutAutoresizeMaskTests.xctest; sourceTree = BUILT_PRODUCTS_DIR; };
		741264101A1F16810032E2EF /* Info.plist */ = {isa = PBXFileReference; lastKnownFileType = text.plist.xml; path = Info.plist; sourceTree = "<group>"; };
		741264111A1F16810032E2EF /* DemoAboutAutoresizeMaskTests.m */ = {isa = PBXFileReference; lastKnownFileType = sourcecode.c.objc; path = DemoAboutAutoresizeMaskTests.m; sourceTree = "<group>"; };
/* End PBXFileReference section */

/* Begin PBXFrameworksBuildPhase section */
		741263EF1A1F16800032E2EF /* Frameworks */ = {
			isa = PBXFrameworksBuildPhase;
			buildActionMask = 2147483647;
			files = (
			);
			runOnlyForDeploymentPostprocessing = 0;
		};
		741264081A1F16810032E2EF /* Frameworks */ = {
			isa = PBXFrameworksBuildPhase;
			buildActionMask = 2147483647;
			files = (
			);
			runOnlyForDeploymentPostprocessing = 0;
		};
/* End PBXFrameworksBuildPhase section */

/* Begin PBXGroup section */
		741263E91A1F16800032E2EF = {
			isa = PBXGroup;
			children = (
				741263F41A1F16800032E2EF /* DemoAboutAutoresizeMask */,
				7412640E1A1F16810032E2EF /* DemoAboutAutoresizeMaskTests */,
				741263F31A1F16800032E2EF /* Products */,
			);
			sourceTree = "<group>";
		};
		741263F31A1F16800032E2EF /* Products */ = {
			isa = PBXGroup;
			children = (
				741263F21A1F16800032E2EF /* DemoAboutAutoresizeMask.app */,
				7412640B1A1F16810032E2EF /* DemoAboutAutoresizeMaskTests.xctest */,
			);
			name = Products;
			sourceTree = "<group>";
		};
		741263F41A1F16800032E2EF /* DemoAboutAutoresizeMask */ = {
			isa = PBXGroup;
			children = (
				741263F91A1F16800032E2EF /* AppDelegate.h */,
				741263FA1A1F16800032E2EF /* AppDelegate.m */,
				741263FC1A1F16800032E2EF /* ViewController.h */,
				741263FD1A1F16800032E2EF /* ViewController.m */,
				741263FF1A1F16800032E2EF /* Main.storyboard */,
				741264021A1F16800032E2EF /* Images.xcassets */,
				741264041A1F16800032E2EF /* LaunchScreen.xib */,
				741263F51A1F16800032E2EF /* Supporting Files */,
			);
			path = DemoAboutAutoresizeMask;
			sourceTree = "<group>";
		};
		741263F51A1F16800032E2EF /* Supporting Files */ = {
			isa = PBXGroup;
			children = (
				741263F61A1F16800032E2EF /* Info.plist */,
				741263F71A1F16800032E2EF /* main.m */,
			);
			name = "Supporting Files";
			sourceTree = "<group>";
		};
		7412640E1A1F16810032E2EF /* DemoAboutAutoresizeMaskTests */ = {
			isa = PBXGroup;
			children = (
				741264111A1F16810032E2EF /* DemoAboutAutoresizeMaskTests.m */,
				7412640F1A1F16810032E2EF /* Supporting Files */,
			);
			path = DemoAboutAutoresizeMaskTests;
			sourceTree = "<group>";
		};
		7412640F1A1F16810032E2EF /* Supporting Files */ = {
			isa = PBXGroup;
			children = (
				741264101A1F16810032E2EF /* Info.plist */,
			);
			name = "Supporting Files";
			sourceTree = "<group>";
		};
/* End PBXGroup section */

/* Begin PBXNativeTarget section */
		741263F11A1F16800032E2EF /* DemoAboutAutoresizeMask */ = {
			isa = PBXNativeTarget;
			buildConfigurationList = 741264151A1F16810032E2EF /* Build configuration list for PBXNativeTarget "DemoAboutAutoresizeMask" */;
			buildPhases = (
				741263EE1A1F16800032E2EF /* Sources */,
				741263EF1A1F16800032E2EF /* Frameworks */,
				741263F01A1F16800032E2EF /* Resources */,
			);
			buildRules = (
			);
			dependencies = (
			);
			name = DemoAboutAutoresizeMask;
			productName = DemoAboutAutoresizeMask;
			productReference = 741263F21A1F16800032E2EF /* DemoAboutAutoresizeMask.app */;
			productType = "com.apple.product-type.application";
		};
		7412640A1A1F16810032E2EF /* DemoAboutAutoresizeMaskTests */ = {
			isa = PBXNativeTarget;
			buildConfigurationList = 741264181A1F16810032E2EF /* Build configuration list for PBXNativeTarget "DemoAboutAutoresizeMaskTests" */;
			buildPhases = (
				741264071A1F16810032E2EF /* Sources */,
				741264081A1F16810032E2EF /* Frameworks */,
				741264091A1F16810032E2EF /* Resources */,
			);
			buildRules = (
			);
			dependencies = (
				7412640D1A1F16810032E2EF /* PBXTargetDependency */,
			);
			name = DemoAboutAutoresizeMaskTests;
			productName = DemoAboutAutoresizeMaskTests;
			productReference = 7412640B1A1F16810032E2EF /* DemoAboutAutoresizeMaskTests.xctest */;
			productType = "com.apple.product-type.bundle.unit-test";
		};
/* End PBXNativeTarget section */

/* Begin PBXProject section */
		741263EA1A1F16800032E2EF /* Project object */ = {
			isa = PBXProject;
			attributes = {
				LastUpgradeCheck = 0610;
				ORGANIZATIONNAME = chen;
				TargetAttributes = {
					741263F11A1F16800032E2EF = {
						CreatedOnToolsVersion = 6.1;
					};
					7412640A1A1F16810032E2EF = {
						CreatedOnToolsVersion = 6.1;
						TestTargetID = 741263F11A1F16800032E2EF;
					};
				};
			};
			buildConfigurationList = 741263ED1A1F16800032E2EF /* Build configuration list for PBXProject "DemoAboutAutoresizeMask" */;
			compatibilityVersion = "Xcode 3.2";
			developmentRegion = English;
			hasScannedForEncodings = 0;
			knownRegions = (
				en,
				Base,
			);
			mainGroup = 741263E91A1F16800032E2EF;
			productRefGroup = 741263F31A1F16800032E2EF /* Products */;
			projectDirPath = "";
			projectRoot = "";
			targets = (
				741263F11A1F16800032E2EF /* DemoAboutAutoresizeMask */,
				7412640A1A1F16810032E2EF /* DemoAboutAutoresizeMaskTests */,
			);
		};
/* End PBXProject section */

/* Begin PBXResourcesBuildPhase section */
		741263F01A1F16800032E2EF /* Resources */ = {
			isa = PBXResourcesBuildPhase;
			buildActionMask = 2147483647;
			files = (
				741264011A1F16800032E2EF /* Main.storyboard in Resources */,
				741264061A1F16800032E2EF /* LaunchScreen.xib in Resources */,
				741264031A1F16800032E2EF /* Images.xcassets in Resources */,
			);
			runOnlyForDeploymentPostprocessing = 0;
		};
		741264091A1F16810032E2EF /* Resources */ = {
			isa = PBXResourcesBuildPhase;
			buildActionMask = 2147483647;
			files = (
			);
			runOnlyForDeploymentPostprocessing = 0;
		};
/* End PBXResourcesBuildPhase section */

/* Begin PBXSourcesBuildPhase section */
		741263EE1A1F16800032E2EF /* Sources */ = {
			isa = PBXSourcesBuildPhase;
			buildActionMask = 2147483647;
			files = (
				741263FE1A1F16800032E2EF /* ViewController.m in Sources */,
				741263FB1A1F16800032E2EF /* AppDelegate.m in Sources */,
				741263F81A1F16800032E2EF /* main.m in Sources */,
			);
			runOnlyForDeploymentPostprocessing = 0;
		};
		741264071A1F16810032E2EF /* Sources */ = {
			isa = PBXSourcesBuildPhase;
			buildActionMask = 2147483647;
			files = (
				741264121A1F16810032E2EF /* DemoAboutAutoresizeMaskTests.m in Sources */,
			);
			runOnlyForDeploymentPostprocessing = 0;
		};
/* End PBXSourcesBuildPhase section */

/* Begin PBXTargetDependency section */
		7412640D1A1F16810032E2EF /* PBXTargetDependency */ = {
			isa = PBXTargetDependency;
			target = 741263F11A1F16800032E2EF /* DemoAboutAutoresizeMask */;
			targetProxy = 7412640C1A1F16810032E2EF /* PBXContainerItemProxy */;
		};
/* End PBXTargetDependency section */

/* Begin PBXVariantGroup section */
		741263FF1A1F16800032E2EF /* Main.storyboard */ = {
			isa = PBXVariantGroup;
			children = (
				741264001A1F16800032E2EF /* Base */,
			);
			name = Main.storyboard;
			sourceTree = "<group>";
		};
		741264041A1F16800032E2EF /* LaunchScreen.xib */ = {
			isa = PBXVariantGroup;
			children = (
				741264051A1F16800032E2EF /* Base */,
			);
			name = LaunchScreen.xib;
			sourceTree = "<group>";
		};
/* End PBXVariantGroup section */

/* Begin XCBuildConfiguration section */
		741264131A1F16810032E2EF /* Debug */ = {
			isa = XCBuildConfiguration;
			buildSettings = {
				ALWAYS_SEARCH_USER_PATHS = NO;
				CLANG_CXX_LANGUAGE_STANDARD = "gnu++0x";
				CLANG_CXX_LIBRARY = "libc++";
				CLANG_ENABLE_MODULES = YES;
				CLANG_ENABLE_OBJC_ARC = YES;
				CLANG_WARN_BOOL_CONVERSION = YES;
				CLANG_WARN_CONSTANT_CONVERSION = YES;
				CLANG_WARN_DIRECT_OBJC_ISA_USAGE = YES_ERROR;
				CLANG_WARN_EMPTY_BODY = YES;
				CLANG_WARN_ENUM_CONVERSION = YES;
				CLANG_WARN_INT_CONVERSION = YES;
				CLANG_WARN_OBJC_ROOT_CLASS = YES_ERROR;
				CLANG_WARN_UNREACHABLE_CODE = YES;
				CLANG_WARN__DUPLICATE_METHOD_MATCH = YES;
				"CODE_SIGN_IDENTITY[sdk=iphoneos*]" = "iPhone Developer";
				COPY_PHASE_STRIP = NO;
				ENABLE_STRICT_OBJC_MSGSEND = YES;
				GCC_C_LANGUAGE_STANDARD = gnu99;
				GCC_DYNAMIC_NO_PIC = NO;
				GCC_OPTIMIZATION_LEVEL = 0;
				GCC_PREPROCESSOR_DEFINITIONS = (
					"DEBUG=1",
					"$(inherited)",
				);
				GCC_SYMBOLS_PRIVATE_EXTERN = NO;
				GCC_WARN_64_TO_32_BIT_CONVERSION = YES;
				GCC_WARN_ABOUT_RETURN_TYPE = YES_ERROR;
				GCC_WARN_UNDECLARED_SELECTOR = YES;
				GCC_WARN_UNINITIALIZED_AUTOS = YES_AGGRESSIVE;
				GCC_WARN_UNUSED_FUNCTION = YES;
				GCC_WARN_UNUSED_VARIABLE = YES;
				IPHONEOS_DEPLOYMENT_TARGET = 8.1;
				MTL_ENABLE_DEBUG_INFO = YES;
				ONLY_ACTIVE_ARCH = YES;
				SDKROOT = iphoneos;
				TARGETED_DEVICE_FAMILY = "1,2";
			};
			name = Debug;
		};
		741264141A1F16810032E2EF /* Release */ = {
			isa = XCBuildConfiguration;
			buildSettings = {
				ALWAYS_SEARCH_USER_PATHS = NO;
				CLANG_CXX_LANGUAGE_STANDARD = "gnu++0x";
				CLANG_CXX_LIBRARY = "libc++";
				CLANG_ENABLE_MODULES = YES;
				CLANG_ENABLE_OBJC_ARC = YES;
				CLANG_WARN_BOOL_CONVERSION = YES;
				CLANG_WARN_CONSTANT_CONVERSION = YES;
				CLANG_WARN_DIRECT_OBJC_ISA_USAGE = YES_ERROR;
				CLANG_WARN_EMPTY_BODY = YES;
				CLANG_WARN_ENUM_CONVERSION = YES;
				CLANG_WARN_INT_CONVERSION = YES;
				CLANG_WARN_OBJC_ROOT_CLASS = YES_ERROR;
				CLANG_WARN_UNREACHABLE_CODE = YES;
				CLANG_WARN__DUPLICATE_METHOD_MATCH = YES;
				"CODE_SIGN_IDENTITY[sdk=iphoneos*]" = "iPhone Developer";
				COPY_PHASE_STRIP = YES;
				ENABLE_NS_ASSERTIONS = NO;
				ENABLE_STRICT_OBJC_MSGSEND = YES;
				GCC_C_LANGUAGE_STANDARD = gnu99;
				GCC_WARN_64_TO_32_BIT_CONVERSION = YES;
				GCC_WARN_ABOUT_RETURN_TYPE = YES_ERROR;
				GCC_WARN_UNDECLARED_SELECTOR = YES;
				GCC_WARN_UNINITIALIZED_AUTOS = YES_AGGRESSIVE;
				GCC_WARN_UNUSED_FUNCTION = YES;
				GCC_WARN_UNUSED_VARIABLE = YES;
				IPHONEOS_DEPLOYMENT_TARGET = 8.1;
				MTL_ENABLE_DEBUG_INFO = NO;
				SDKROOT = iphoneos;
				TARGETED_DEVICE_FAMILY = "1,2";
				VALIDATE_PRODUCT = YES;
			};
			name = Release;
		};
		741264161A1F16810032E2EF /* Debug */ = {
			isa = XCBuildConfiguration;
			buildSettings = {
				ASSETCATALOG_COMPILER_APPICON_NAME = AppIcon;
				INFOPLIST_FILE = DemoAboutAutoresizeMask/Info.plist;
				IPHONEOS_DEPLOYMENT_TARGET = 6.0;
				LD_RUNPATH_SEARCH_PATHS = "$(inherited) @executable_path/Frameworks";
				PRODUCT_NAME = "$(TARGET_NAME)";
			};
			name = Debug;
		};
		741264171A1F16810032E2EF /* Release */ = {
			isa = XCBuildConfiguration;
			buildSettings = {
				ASSETCATALOG_COMPILER_APPICON_NAME = AppIcon;
				INFOPLIST_FILE = DemoAboutAutoresizeMask/Info.plist;
				IPHONEOS_DEPLOYMENT_TARGET = 6.0;
				LD_RUNPATH_SEARCH_PATHS = "$(inherited) @executable_path/Frameworks";
				PRODUCT_NAME = "$(TARGET_NAME)";
			};
			name = Release;
		};
		741264191A1F16810032E2EF /* Debug */ = {
			isa = XCBuildConfiguration;
			buildSettings = {
				BUNDLE_LOADER = "$(TEST_HOST)";
				FRAMEWORK_SEARCH_PATHS = (
					"$(SDKROOT)/Developer/Library/Frameworks",
					"$(inherited)",
				);
				GCC_PREPROCESSOR_DEFINITIONS = (
					"DEBUG=1",
					"$(inherited)",
				);
				INFOPLIST_FILE = DemoAboutAutoresizeMaskTests/Info.plist;
				LD_RUNPATH_SEARCH_PATHS = "$(inherited) @executable_path/Frameworks @loader_path/Frameworks";
				PRODUCT_NAME = "$(TARGET_NAME)";
				TEST_HOST = "$(BUILT_PRODUCTS_DIR)/DemoAboutAutoresizeMask.app/DemoAboutAutoresizeMask";
			};
			name = Debug;
		};
		7412641A1A1F16810032E2EF /* Release */ = {
			isa = XCBuildConfiguration;
			buildSettings = {
				BUNDLE_LOADER = "$(TEST_HOST)";
				FRAMEWORK_SEARCH_PATHS = (
					"$(SDKROOT)/Developer/Library/Frameworks",
					"$(inherited)",
				);
				INFOPLIST_FILE = DemoAboutAutoresizeMaskTests/Info.plist;
				LD_RUNPATH_SEARCH_PATHS = "$(inherited) @executable_path/Frameworks @loader_path/Frameworks";
				PRODUCT_NAME = "$(TARGET_NAME)";
				TEST_HOST = "$(BUILT_PRODUCTS_DIR)/DemoAboutAutoresizeMask.app/DemoAboutAutoresizeMask";
			};
			name = Release;
		};
/* End XCBuildConfiguration section */

/* Begin XCConfigurationList section */
		741263ED1A1F16800032E2EF /* Build configuration list for PBXProject "DemoAboutAutoresizeMask" */ = {
			isa = XCConfigurationList;
			buildConfigurations = (
				741264131A1F16810032E2EF /* Debug */,
				741264141A1F16810032E2EF /* Release */,
			);
			defaultConfigurationIsVisible = 0;
			defaultConfigurationName = Release;
		};
		741264151A1F16810032E2EF /* Build configuration list for PBXNativeTarget "DemoAboutAutoresizeMask" */ = {
			isa = XCConfigurationList;
			buildConfigurations = (
				741264161A1F16810032E2EF /* Debug */,
				741264171A1F16810032E2EF /* Release */,
			);
			defaultConfigurationIsVisible = 0;
		};
		741264181A1F16810032E2EF /* Build configuration list for PBXNativeTarget "DemoAboutAutoresizeMaskTests" */ = {
			isa = XCConfigurationList;
			buildConfigurations = (
				741264191A1F16810032E2EF /* Debug */,
				7412641A1A1F16810032E2EF /* Release */,
			);
			defaultConfigurationIsVisible = 0;
		};
/* End XCConfigurationList section */
	};
	rootObject = 741263EA1A1F16800032E2EF /* Project object */;
}
